
Microsoft Visual Studio Solution File, Format Version 12.00
# Visual Studio Version 17
VisualStudioVersion = 17.7.34024.191
MinimumVisualStudioVersion = 10.0.40219.1
Project("{2150E333-8FDC-42A3-9474-1A3956D46DE8}") = "Microservices", "Microservices", "{E0EFF61E-DA93-4584-9B54-BC77C071A56B}"
EndProject
Project("{9A19103F-16F7-4668-BE54-9A1E7A4F7556}") = "CustomerWebApi", "CustomerWebApi\CustomerWebApi.csproj", "{06E8A987-0649-46B7-8CBC-786C64EA3A68}"
EndProject
Project("{E53339B2-1760-4266-BCC7-CA923CBCF16C}") = "docker-compose", "docker-compose.dcproj", "{26B26ABA-2B05-4145-9AD8-4EAA7CF229D2}"
EndProject
Project("{9A19103F-16F7-4668-BE54-9A1E7A4F7556}") = "ProductWebApi", "ProductWebApi\ProductWebApi.csproj", "{57B21807-8355-4ACC-B7AC-B9CCB2D21B9C}"
EndProject
Project("{9A19103F-16F7-4668-BE54-9A1E7A4F7556}") = "OrderWebApi", "OrderWebApi\OrderWebApi.csproj", "{CB24675A-AAB7-42C2-B041-102A85AA4D7F}"
EndProject
Project("{9A19103F-16F7-4668-BE54-9A1E7A4F7556}") = "UserWebApi", "UserWebApi\UserWebApi.csproj", "{0BF47A7B-924C-4AFD-9576-8F563C17B13A}"
EndProject
Project("{2150E333-8FDC-42A3-9474-1A3956D46DE8}") = "ApiGateway", "ApiGateway", "{6359CF78-2A11-445D-996B-C204D29DA2B7}"
EndProject
Project("{9A19103F-16F7-4668-BE54-9A1E7A4F7556}") = "ApiGateway", "ApiGateway\ApiGateway.csproj", "{D5FE7329-739F-44B3-8D7D-01688F9B4C11}"
EndProject
Project("{FAE04EC0-301F-11D3-BF4B-00C04F79EFBC}") = "InventoryWebApi", "InventoryWebApi\InventoryWebApi.csproj", "{272F4E00-3612-4531-BD08-8F91B6B06D42}"
EndProject
Project("{FAE04EC0-301F-11D3-BF4B-00C04F79EFBC}") = "RMQEvent.Contract", "RMQEvent.Contract\RMQEvent.Contract.csproj", "{1127A929-3F5E-4F73-BC53-47D924C84694}"
EndProject
Global
	GlobalSection(SolutionConfigurationPlatforms) = preSolution
		Debug|Any CPU = Debug|Any CPU
		Release|Any CPU = Release|Any CPU
	EndGlobalSection
	GlobalSection(ProjectConfigurationPlatforms) = postSolution
		{06E8A987-0649-46B7-8CBC-786C64EA3A68}.Debug|Any CPU.ActiveCfg = Debug|Any CPU
		{06E8A987-0649-46B7-8CBC-786C64EA3A68}.Debug|Any CPU.Build.0 = Debug|Any CPU
		{06E8A987-0649-46B7-8CBC-786C64EA3A68}.Release|Any CPU.ActiveCfg = Release|Any CPU
		{06E8A987-0649-46B7-8CBC-786C64EA3A68}.Release|Any CPU.Build.0 = Release|Any CPU
		{26B26ABA-2B05-4145-9AD8-4EAA7CF229D2}.Debug|Any CPU.ActiveCfg = Debug|Any CPU
		{26B26ABA-2B05-4145-9AD8-4EAA7CF229D2}.Debug|Any CPU.Build.0 = Debug|Any CPU
		{26B26ABA-2B05-4145-9AD8-4EAA7CF229D2}.Release|Any CPU.ActiveCfg = Release|Any CPU
		{26B26ABA-2B05-4145-9AD8-4EAA7CF229D2}.Release|Any CPU.Build.0 = Release|Any CPU
		{57B21807-8355-4ACC-B7AC-B9CCB2D21B9C}.Debug|Any CPU.ActiveCfg = Debug|Any CPU
		{57B21807-8355-4ACC-B7AC-B9CCB2D21B9C}.Debug|Any CPU.Build.0 = Debug|Any CPU
		{57B21807-8355-4ACC-B7AC-B9CCB2D21B9C}.Release|Any CPU.ActiveCfg = Release|Any CPU
		{57B21807-8355-4ACC-B7AC-B9CCB2D21B9C}.Release|Any CPU.Build.0 = Release|Any CPU
		{CB24675A-AAB7-42C2-B041-102A85AA4D7F}.Debug|Any CPU.ActiveCfg = Debug|Any CPU
		{CB24675A-AAB7-42C2-B041-102A85AA4D7F}.Debug|Any CPU.Build.0 = Debug|Any CPU
		{CB24675A-AAB7-42C2-B041-102A85AA4D7F}.Release|Any CPU.ActiveCfg = Release|Any CPU
		{CB24675A-AAB7-42C2-B041-102A85AA4D7F}.Release|Any CPU.Build.0 = Release|Any CPU
		{0BF47A7B-924C-4AFD-9576-8F563C17B13A}.Debug|Any CPU.ActiveCfg = Debug|Any CPU
		{0BF47A7B-924C-4AFD-9576-8F563C17B13A}.Debug|Any CPU.Build.0 = Debug|Any CPU
		{0BF47A7B-924C-4AFD-9576-8F563C17B13A}.Release|Any CPU.ActiveCfg = Release|Any CPU
		{0BF47A7B-924C-4AFD-9576-8F563C17B13A}.Release|Any CPU.Build.0 = Release|Any CPU
		{D5FE7329-739F-44B3-8D7D-01688F9B4C11}.Debug|Any CPU.ActiveCfg = Debug|Any CPU
		{D5FE7329-739F-44B3-8D7D-01688F9B4C11}.Debug|Any CPU.Build.0 = Debug|Any CPU
		{D5FE7329-739F-44B3-8D7D-01688F9B4C11}.Release|Any CPU.ActiveCfg = Release|Any CPU
		{D5FE7329-739F-44B3-8D7D-01688F9B4C11}.Release|Any CPU.Build.0 = Release|Any CPU
		{272F4E00-3612-4531-BD08-8F91B6B06D42}.Debug|Any CPU.ActiveCfg = Debug|Any CPU
		{272F4E00-3612-4531-BD08-8F91B6B06D42}.Debug|Any CPU.Build.0 = Debug|Any CPU
		{272F4E00-3612-4531-BD08-8F91B6B06D42}.Release|Any CPU.ActiveCfg = Release|Any CPU
		{272F4E00-3612-4531-BD08-8F91B6B06D42}.Release|Any CPU.Build.0 = Release|Any CPU
		{1127A929-3F5E-4F73-BC53-47D924C84694}.Debug|Any CPU.ActiveCfg = Debug|Any CPU
		{1127A929-3F5E-4F73-BC53-47D924C84694}.Debug|Any CPU.Build.0 = Debug|Any CPU
		{1127A929-3F5E-4F73-BC53-47D924C84694}.Release|Any CPU.ActiveCfg = Release|Any CPU
		{1127A929-3F5E-4F73-BC53-47D924C84694}.Release|Any CPU.Build.0 = Release|Any CPU
	EndGlobalSection
	GlobalSection(SolutionProperties) = preSolution
		HideSolutionNode = FALSE
	EndGlobalSection
	GlobalSection(NestedProjects) = preSolution
		{06E8A987-0649-46B7-8CBC-786C64EA3A68} = {E0EFF61E-DA93-4584-9B54-BC77C071A56B}
		{57B21807-8355-4ACC-B7AC-B9CCB2D21B9C} = {E0EFF61E-DA93-4584-9B54-BC77C071A56B}
		{CB24675A-AAB7-42C2-B041-102A85AA4D7F} = {E0EFF61E-DA93-4584-9B54-BC77C071A56B}
		{0BF47A7B-924C-4AFD-9576-8F563C17B13A} = {E0EFF61E-DA93-4584-9B54-BC77C071A56B}
		{D5FE7329-739F-44B3-8D7D-01688F9B4C11} = {6359CF78-2A11-445D-996B-C204D29DA2B7}
		{272F4E00-3612-4531-BD08-8F91B6B06D42} = {E0EFF61E-DA93-4584-9B54-BC77C071A56B}
		{1127A929-3F5E-4F73-BC53-47D924C84694} = {E0EFF61E-DA93-4584-9B54-BC77C071A56B}
	EndGlobalSection
	GlobalSection(ExtensibilityGlobals) = postSolution
		SolutionGuid = {445075B1-7CF7-46D7-8758-3D95AA8916FD}
	EndGlobalSection
EndGlobal
